# THIS IS AN AUTOGENERATED FILE. DO NOT EDIT THIS FILE DIRECTLY.
# yarn lockfile v1


alertifyjs@^1.14.0:
  version "1.14.0"
  resolved "https://registry.yarnpkg.com/alertifyjs/-/alertifyjs-1.14.0.tgz#b6690580007d6cca2407d5a61e68aadc820e13e3"
  integrity sha512-jUxJTcNYhJ2P1Wal73nmyTwMkaPim4PjZP9CAG+S8SK2SinraXxvOxnPrEY81/wc2iBPDFBP7mdg61db4WsuHQ==
